{"format_version":"1.2","terraform_version":"1.10.0","variables":{"account_tier":{"value":"Standard"},"allowed_ips":{"value":["123.456.123.1"]},"blob_soft_delete_retention":{"value":7},"container_soft_delete_retention":{"value":7},"environment":{"value":"dev"},"location":{"value":"eastus2"},"project_name":{"value":"myproject"},"replication_type":{"value":"GRS"}},"planned_values":{"outputs":{"primary_access_key":{"sensitive":true},"primary_blob_endpoint":{"sensitive":false},"storage_account_id":{"sensitive":false},"storage_account_name":{"sensitive":false,"type":"string","value":"myprojectdevsa"}},"root_module":{"resources":[{"address":"azurerm_resource_group.rg","mode":"managed","type":"azurerm_resource_group","name":"rg","provider_name":"registry.terraform.io/hashicorp/azurerm","schema_version":0,"values":{"location":"eastus2","managed_by":null,"name":"myproject-dev-rg","timeouts":null},"sensitive_values":{"tags":{}}},{"address":"azurerm_storage_account.storage","mode":"managed","type":"azurerm_storage_account","name":"storage","provider_name":"registry.terraform.io/hashicorp/azurerm","schema_version":4,"values":{"account_kind":"StorageV2","account_replication_type":"GRS","account_tier":"Standard","allow_nested_items_to_be_public":true,"allowed_copy_scope":null,"azure_files_authentication":[],"blob_properties":[{"change_feed_enabled":false,"change_feed_retention_in_days":null,"container_delete_retention_policy":[{"days":7}],"cors_rule":[],"delete_retention_policy":[{"days":7,"permanent_delete_enabled":false}],"last_access_time_enabled":false,"restore_policy":[],"versioning_enabled":true}],"cross_tenant_replication_enabled":false,"custom_domain":[],"customer_managed_key":[],"default_to_oauth_authentication":false,"dns_endpoint_type":"Standard","edge_zone":null,"https_traffic_only_enabled":true,"identity":[],"immutability_policy":[],"infrastructure_encryption_enabled":false,"is_hns_enabled":false,"local_user_enabled":true,"location":"eastus2","min_tls_version":"TLS1_2","name":"myprojectdevsa","network_rules":[{"bypass":["AzureServices"],"default_action":"Deny","ip_rules":["123.456.123.1"],"private_link_access":[]}],"nfsv3_enabled":false,"public_network_access_enabled":true,"queue_encryption_key_type":"Service","resource_group_name":"myproject-dev-rg","sas_policy":[],"sftp_enabled":false,"shared_access_key_enabled":true,"static_website":[],"table_encryption_key_type":"Service","timeouts":null},"sensitive_values":{"azure_files_authentication":[],"blob_properties":[{"container_delete_retention_policy":[{}],"cors_rule":[],"delete_retention_policy":[{}],"restore_policy":[]}],"custom_domain":[],"customer_managed_key":[],"identity":[],"immutability_policy":[],"network_rules":[{"bypass":[false],"ip_rules":[false],"private_link_access":[],"virtual_network_subnet_ids":[]}],"primary_access_key":true,"primary_blob_connection_string":true,"primary_connection_string":true,"queue_properties":[],"routing":[],"sas_policy":[],"secondary_access_key":true,"secondary_blob_connection_string":true,"secondary_connection_string":true,"share_properties":[],"static_website":[],"tags":{}}}]}},"resource_changes":[{"address":"azurerm_resource_group.rg","mode":"managed","type":"azurerm_resource_group","name":"rg","provider_name":"registry.terraform.io/hashicorp/azurerm","change":{"actions":["create"],"before":null,"after":{"location":"eastus2","managed_by":null,"name":"myproject-dev-rg","timeouts":null},"after_unknown":{"id":true,"tags":true},"before_sensitive":false,"after_sensitive":{"tags":{}}}},{"address":"azurerm_storage_account.storage","mode":"managed","type":"azurerm_storage_account","name":"storage","provider_name":"registry.terraform.io/hashicorp/azurerm","change":{"actions":["create"],"before":null,"after":{"account_kind":"StorageV2","account_replication_type":"GRS","account_tier":"Standard","allow_nested_items_to_be_public":true,"allowed_copy_scope":null,"azure_files_authentication":[],"blob_properties":[{"change_feed_enabled":false,"change_feed_retention_in_days":null,"container_delete_retention_policy":[{"days":7}],"cors_rule":[],"delete_retention_policy":[{"days":7,"permanent_delete_enabled":false}],"last_access_time_enabled":false,"restore_policy":[],"versioning_enabled":true}],"cross_tenant_replication_enabled":false,"custom_domain":[],"customer_managed_key":[],"default_to_oauth_authentication":false,"dns_endpoint_type":"Standard","edge_zone":null,"https_traffic_only_enabled":true,"identity":[],"immutability_policy":[],"infrastructure_encryption_enabled":false,"is_hns_enabled":false,"local_user_enabled":true,"location":"eastus2","min_tls_version":"TLS1_2","name":"myprojectdevsa","network_rules":[{"bypass":["AzureServices"],"default_action":"Deny","ip_rules":["123.456.123.1"],"private_link_access":[]}],"nfsv3_enabled":false,"public_network_access_enabled":true,"queue_encryption_key_type":"Service","resource_group_name":"myproject-dev-rg","sas_policy":[],"sftp_enabled":false,"shared_access_key_enabled":true,"static_website":[],"table_encryption_key_type":"Service","timeouts":null},"after_unknown":{"access_tier":true,"azure_files_authentication":[],"blob_properties":[{"container_delete_retention_policy":[{}],"cors_rule":[],"default_service_version":true,"delete_retention_policy":[{}],"restore_policy":[]}],"custom_domain":[],"customer_managed_key":[],"id":true,"identity":[],"immutability_policy":[],"large_file_share_enabled":true,"network_rules":[{"bypass":[false],"ip_rules":[false],"private_link_access":[],"virtual_network_subnet_ids":true}],"primary_access_key":true,"primary_blob_connection_string":true,"primary_blob_endpoint":true,"primary_blob_host":true,"primary_blob_internet_endpoint":true,"primary_blob_internet_host":true,"primary_blob_microsoft_endpoint":true,"primary_blob_microsoft_host":true,"primary_connection_string":true,"primary_dfs_endpoint":true,"primary_dfs_host":true,"primary_dfs_internet_endpoint":true,"primary_dfs_internet_host":true,"primary_dfs_microsoft_endpoint":true,"primary_dfs_microsoft_host":true,"primary_file_endpoint":true,"primary_file_host":true,"primary_file_internet_endpoint":true,"primary_file_internet_host":true,"primary_file_microsoft_endpoint":true,"primary_file_microsoft_host":true,"primary_location":true,"primary_queue_endpoint":true,"primary_queue_host":true,"primary_queue_microsoft_endpoint":true,"primary_queue_microsoft_host":true,"primary_table_endpoint":true,"primary_table_host":true,"primary_table_microsoft_endpoint":true,"primary_table_microsoft_host":true,"primary_web_endpoint":true,"primary_web_host":true,"primary_web_internet_endpoint":true,"primary_web_internet_host":true,"primary_web_microsoft_endpoint":true,"primary_web_microsoft_host":true,"queue_properties":true,"routing":true,"sas_policy":[],"secondary_access_key":true,"secondary_blob_connection_string":true,"secondary_blob_endpoint":true,"secondary_blob_host":true,"secondary_blob_internet_endpoint":true,"secondary_blob_internet_host":true,"secondary_blob_microsoft_endpoint":true,"secondary_blob_microsoft_host":true,"secondary_connection_string":true,"secondary_dfs_endpoint":true,"secondary_dfs_host":true,"secondary_dfs_internet_endpoint":true,"secondary_dfs_internet_host":true,"secondary_dfs_microsoft_endpoint":true,"secondary_dfs_microsoft_host":true,"secondary_file_endpoint":true,"secondary_file_host":true,"secondary_file_internet_endpoint":true,"secondary_file_internet_host":true,"secondary_file_microsoft_endpoint":true,"secondary_file_microsoft_host":true,"secondary_location":true,"secondary_queue_endpoint":true,"secondary_queue_host":true,"secondary_queue_microsoft_endpoint":true,"secondary_queue_microsoft_host":true,"secondary_table_endpoint":true,"secondary_table_host":true,"secondary_table_microsoft_endpoint":true,"secondary_table_microsoft_host":true,"secondary_web_endpoint":true,"secondary_web_host":true,"secondary_web_internet_endpoint":true,"secondary_web_internet_host":true,"secondary_web_microsoft_endpoint":true,"secondary_web_microsoft_host":true,"share_properties":true,"static_website":[],"tags":true},"before_sensitive":false,"after_sensitive":{"azure_files_authentication":[],"blob_properties":[{"container_delete_retention_policy":[{}],"cors_rule":[],"delete_retention_policy":[{}],"restore_policy":[]}],"custom_domain":[],"customer_managed_key":[],"identity":[],"immutability_policy":[],"network_rules":[{"bypass":[false],"ip_rules":[false],"private_link_access":[],"virtual_network_subnet_ids":[]}],"primary_access_key":true,"primary_blob_connection_string":true,"primary_connection_string":true,"queue_properties":[],"routing":[],"sas_policy":[],"secondary_access_key":true,"secondary_blob_connection_string":true,"secondary_connection_string":true,"share_properties":[],"static_website":[],"tags":{}}}}],"output_changes":{"primary_access_key":{"actions":["create"],"before":null,"after_unknown":true,"before_sensitive":true,"after_sensitive":true},"primary_blob_endpoint":{"actions":["create"],"before":null,"after_unknown":true,"before_sensitive":false,"after_sensitive":false},"storage_account_id":{"actions":["create"],"before":null,"after_unknown":true,"before_sensitive":false,"after_sensitive":false},"storage_account_name":{"actions":["create"],"before":null,"after":"myprojectdevsa","after_unknown":false,"before_sensitive":false,"after_sensitive":false}},"prior_state":{"format_version":"1.0","terraform_version":"1.10.0","values":{"outputs":{"storage_account_name":{"sensitive":false,"value":"myprojectdevsa","type":"string"}},"root_module":{}}},"configuration":{"provider_config":{"azurerm":{"name":"azurerm","full_name":"registry.terraform.io/hashicorp/azurerm","version_constraint":"4.8.0","expressions":{"features":[{}],"subscription_id":{"constant_value":"0c614c7a-ac19-478e-afef-4bdefcb5f09c"}}}},"root_module":{"outputs":{"primary_access_key":{"sensitive":true,"expression":{"references":["azurerm_storage_account.storage.primary_access_key","azurerm_storage_account.storage"]},"description":"Primary Access Key"},"primary_blob_endpoint":{"expression":{"references":["azurerm_storage_account.storage.primary_blob_endpoint","azurerm_storage_account.storage"]},"description":"Primary Blob Service Endpoint"},"storage_account_id":{"expression":{"references":["azurerm_storage_account.storage.id","azurerm_storage_account.storage"]},"description":"Storage Account Resource ID"},"storage_account_name":{"expression":{"references":["azurerm_storage_account.storage.name","azurerm_storage_account.storage"]},"description":"Storage Account Name"}},"resources":[{"address":"azurerm_resource_group.rg","mode":"managed","type":"azurerm_resource_group","name":"rg","provider_config_key":"azurerm","expressions":{"location":{"references":["var.location"]},"name":{"references":["var.project_name","var.environment"]},"tags":{"references":["local.common_tags"]}},"schema_version":0},{"address":"azurerm_storage_account.storage","mode":"managed","type":"azurerm_storage_account","name":"storage","provider_config_key":"azurerm","expressions":{"account_kind":{"constant_value":"StorageV2"},"account_replication_type":{"references":["var.replication_type"]},"account_tier":{"references":["var.account_tier"]},"allow_nested_items_to_be_public":{"constant_value":true},"blob_properties":[{"container_delete_retention_policy":[{"days":{"references":["var.container_soft_delete_retention"]}}],"delete_retention_policy":[{"days":{"references":["var.blob_soft_delete_retention"]}}],"versioning_enabled":{"constant_value":true}}],"location":{"references":["azurerm_resource_group.rg.location","azurerm_resource_group.rg"]},"min_tls_version":{"constant_value":"TLS1_2"},"name":{"references":["var.project_name","var.environment"]},"network_rules":[{"bypass":{"constant_value":["AzureServices"]},"default_action":{"constant_value":"Deny"},"ip_rules":{"references":["var.allowed_ips"]}}],"resource_group_name":{"references":["azurerm_resource_group.rg.name","azurerm_resource_group.rg"]},"tags":{"references":["local.common_tags"]}},"schema_version":4}],"variables":{"account_tier":{"default":"Standard","description":"Storage Account Tier"},"allowed_ips":{"default":[],"description":"List of allowed IP addresses"},"blob_soft_delete_retention":{"default":7,"description":"Number of days to retain deleted blobs"},"container_soft_delete_retention":{"default":7,"description":"Number of days to retain deleted containers"},"environment":{"description":"Environment (dev, staging, prod)"},"location":{"default":"eastus2","description":"Azure region for resources"},"project_name":{"description":"Name of the project"},"replication_type":{"default":"GRS","description":"Storage Account Replication Type"}}}},"relevant_attributes":[{"resource":"azurerm_storage_account.storage","attribute":["name"]},{"resource":"azurerm_storage_account.storage","attribute":["id"]},{"resource":"azurerm_resource_group.rg","attribute":["location"]},{"resource":"azurerm_resource_group.rg","attribute":["name"]},{"resource":"azurerm_storage_account.storage","attribute":["primary_blob_endpoint"]},{"resource":"azurerm_storage_account.storage","attribute":["primary_access_key"]}],"checks":[{"address":{"kind":"var","name":"environment","to_display":"var.environment"},"status":"pass","instances":[{"address":{"to_display":"var.environment"},"status":"pass"}]}],"timestamp":"2024-12-04T17:29:06Z","applyable":true,"complete":true,"errored":false}
